
Microsoft Visual Studio Solution File, Format Version 12.00
# Visual Studio 15
VisualStudioVersion = 15.0.27428.2002
MinimumVisualStudioVersion = 10.0.40219.1
Project("{8BC9CEB8-8B4A-11D0-8D11-00A0C91BC942}") = "JSON-Parser", "JSON-Parser.vcxproj", "{793B31D4-FB28-410E-B011-4CBEB800787D}"
EndProject
Global
	GlobalSection(SolutionConfigurationPlatforms) = preSolution
		Debug|x64 = Debug|x64
		Debug|x86 = Debug|x86
		Release|x64 = Release|x64
		Release|x86 = Release|x86
	EndGlobalSection
	GlobalSection(ProjectConfigurationPlatforms) = postSolution
		{793B31D4-FB28-410E-B011-4CBEB800787D}.Debug|x64.ActiveCfg = Debug|x64
		{793B31D4-FB28-410E-B011-4CBEB800787D}.Debug|x64.Build.0 = Debug|x64
		{793B31D4-FB28-410E-B011-4CBEB800787D}.Debug|x86.ActiveCfg = Debug|Win32
		{793B31D4-FB28-410E-B011-4CBEB800787D}.Debug|x86.Build.0 = Debug|Win32
		{793B31D4-FB28-410E-B011-4CBEB800787D}.Release|x64.ActiveCfg = Release|x64
		{793B31D4-FB28-410E-B011-4CBEB800787D}.Release|x64.Build.0 = Release|x64
		{793B31D4-FB28-410E-B011-4CBEB800787D}.Release|x86.ActiveCfg = Release|Win32
		{793B31D4-FB28-410E-B011-4CBEB800787D}.Release|x86.Build.0 = Release|Win32
	EndGlobalSection
	GlobalSection(SolutionProperties) = preSolution
		HideSolutionNode = FALSE
	EndGlobalSection
	GlobalSection(ExtensibilityGlobals) = postSolution
		SolutionGuid = {3C68BCD5-8BB4-42D6-BD0F-AFE5B4C2E8ED}
	EndGlobalSection
EndGlobal
